{
  "name": "tandem-js",
  "version": "0.1.1",
  "lockfileVersion": 3,
  "requires": true,
  "packages": {
    "": {
      "name": "tandem-js",
      "version": "0.1.1",
      "license": "MIT",
      "dependencies": {
        "tandem-js": "^0.0.1"
      },
      "engines": {
        "node": ">=18"
      }
    },
    "node_modules/tandem-js": {
      "version": "0.0.1",
      "resolved": "https://registry.npmjs.org/tandem-js/-/tandem-js-0.0.1.tgz",
      "integrity": "sha512-wWPbAMZRxcgVsTt05QGMHotCiImGZos9UijjfGHBhPBgUTzd5j3FHkKUMf1jeEID/NPa7i9z87qM43uQPlwawQ==",
      "license": "MIT",
      "engines": {
        "node": ">=18"
      }
    }
  }
}
